cloud.google.com/go/logging v1.12.0 h1:ex1igYcGFd4S/RZWOCU51StlIEuey5bjqwH9ZYjHibk=
cloud.google.com/go/logging v1.12.0/go.mod h1:wwYBt5HlYP1InnrtYI0wtwttpVU1rifnMT7RejksUAM=
cloud.google.com/go/longrunning v0.6.3 h1:A2q2vuyXysRcwzqDpMMLSI6mb6o39miS52UEG/Rd2ng=
cloud.google.com/go/longrunning v0.6.3/go.mod h1:k/vIs83RN4bE3YCswdXC5PFfWVILjm3hpEUlSko4PiI=
cloud.google.com/go/monitoring v1.22.0 h1:mQ0040B7dpuRq1+4YiQD43M2vW9HgoVxY98xhqGT+YI=
cloud.google.com/go/monitoring v1.22.0/go.mod h1:hS3pXvaG8KgWTSz+dAdyzPrGUYmi2Q+WFX8g2hqVEZU=
cloud.google.com/go/trace v1.11.2 h1:4ZmaBdL8Ng/ajrgKqY5jfvzqMXbrDcBsUGXOT9aqTtI=
cloud.google.com/go/trace v1.11.2/go.mod h1:bn7OwXd4pd5rFuAnTrzBuoZ4ax2XQeG3qNgYmfCy0Io=
github.com/go-logr/logr v1.4.2 h1:6pFjapn8bFcIbiKo3XT4j/BhANplGihG6tvd+8rYgrY=
github.com/go-logr/logr v1.4.2/go.mod h1:9T104GzyrTigFIr8wt5mBrctHMim0Nb2HLGrmQ40KvY=
github.com/go-logr/stdr v1.2.2 h1:hSWxHoqTgW2S2qGc0LTAI563KZ5YKYRhT3MFKZMbjag=
github.com/go-logr/stdr v1.2.2/go.mod h1:mMo/vtBO5dYbehREoey6XUKy/eSumjCCveDpRre4VKE=
github.com/golang/protobuf v1.5.4 h1:i7eJL8qZTpSEXOPTxNKhASYpMn+8e5Q6AdndVa1dWek=
github.com/golang/protobuf v1.5.4/go.mod h1:lnTiLA8Wa4RWRcIUkrtSVa5nRhsEGBg48fD6rSs7xps=
github.com/google/go-cmp v0.6.0 h1:ofyhxvXcZhMsU5ulbFiLKl/XBFqE1GSq7atu8tAmTRI=
github.com/google/go-cmp v0.6.0/go.mod h1:17dUlkBOakJ0+DkrSSNjCkIjxS6bF9zb3elmeNGIjoY=
github.com/google/uuid v1.6.0 h1:NIvaJDMOsjHA8n1jAhLSgzrAzy1Hgr+hNrb57e+94F0=
github.com/google/uuid v1.6.0/go.mod h1:TIyPZe4MgqvfeYDBFedMoGGpEw/LqOeaOT+nhxU+yHo=
go.opentelemetry.io/otel v1.31.0 h1:NsJcKPIW0D0H3NgzPDHmo0WW6SptzPdqg/L1zsIm2hY=
go.opentelemetry.io/otel v1.31.0/go.mod h1:O0C14Yl9FgkjqcCZAsE053C13OaddMYr/hz6clDkEJE=
go.opentelemetry.io/otel/metric v1.31.0 h1:FSErL0ATQAmYHUIzSezZibnyVlft1ybhy4ozRPcF2fE=
go.opentelemetry.io/otel/metric v1.31.0/go.mod h1:C3dEloVbLuYoX41KpmAhOqNriGbA+qqH6PQ5E5mUfnY=
go.opentelemetry.io/otel/sdk v1.31.0 h1:xLY3abVHYZ5HSfOg3l2E5LUj2Cwva5Y7yGxnSW9H5Gk=
go.opentelemetry.io/otel/sdk v1.31.0/go.mod h1:TfRbMdhvxIIr/B2N2LQW2S5v9m3gOQ/08KsbbO5BPT0=
go.opentelemetry.io/otel/sdk/metric v1.31.0 h1:i9hxxLJF/9kkvfHppyLL55aW7iIJz4JjxTeYusH7zMc=
go.opentelemetry.io/otel/sdk/metric v1.31.0/go.mod h1:CRInTMVvNhUKgSAMbKyTMxqOBC0zgyxzW55lZzX43Y8=
go.opentelemetry.io/otel/trace v1.31.0 h1:ffjsj1aRouKewfr85U2aGagJ46+MvodynlQ1HYdmJys=
go.opentelemetry.io/otel/trace v1.31.0/go.mod h1:TXZkRk7SM2ZQLtR6eoAWQFIHPvzQ06FJAsO1tJg480A=
golang.org/x/net v0.32.0 h1:ZqPmj8Kzc+Y6e0+skZsuACbx+wzMgo5MQsJh9Qd6aYI=
golang.org/x/net v0.32.0/go.mod h1:CwU0IoeOlnQQWJ6ioyFrfRuomB8GKF6KbYXZVyeXNfs=
golang.org/x/sys v0.28.0 h1:Fksou7UEQUWlKvIdsqzJmUmCX3cZuD2+P3XyyzwMhlA=
golang.org/x/sys v0.28.0/go.mod h1:/VUhepiaJMQUp4+oa/7Zr1D23ma6VTLIYjOOTFZPUcA=
golang.org/x/text v0.21.0 h1:zyQAAkrwaneQ066sspRyJaG9VNi/YJ1NfzcGB3hZ/qo=
golang.org/x/text v0.21.0/go.mod h1:4IBbMaMmOPCJ8SecivzSH54+73PCFmPWxNTLm+vZkEQ=
google.golang.org/genproto v0.0.0-20241216192217-9240e9c98484 h1:a/U5otbGrI6mYIO598WriFB1172i6Ktr6FGcatZD3Yw=
google.golang.org/genproto v0.0.0-20241216192217-9240e9c98484/go.mod h1:Gmd/M/W9fEyf6VSu/mWLnl+9Be51B9CLdxdsKokYq7Y=
google.golang.org/genproto/googleapis/api v0.0.0-20241216192217-9240e9c98484 h1:ChAdCYNQFDk5fYvFZMywKLIijG7TC2m1C2CMEu11G3o=
google.golang.org/genproto/googleapis/api v0.0.0-20241216192217-9240e9c98484/go.mod h1:KRUmxRI4JmbpAm8gcZM4Jsffi859fo5LQjILwuqj9z8=
google.golang.org/genproto/googleapis/rpc v0.0.0-20241216192217-9240e9c98484 h1:Z7FRVJPSMaHQxD0uXU8WdgFh8PseLM8Q8NzhnpMrBhQ=
google.golang.org/genproto/googleapis/rpc v0.0.0-20241216192217-9240e9c98484/go.mod h1:lcTa1sDdWEIHMWlITnIczmw5w60CF9ffkb8Z+DVmmjA=
google.golang.org/grpc v1.69.2 h1:U3S9QEtbXC0bYNvRtcoklF3xGtLViumSYxWykJS+7AU=
google.golang.org/grpc v1.69.2/go.mod h1:vyjdE6jLBI76dgpDojsFGNaHlxdjXN9ghpnd2o7JGZ4=
google.golang.org/protobuf v1.36.0 h1:mjIs9gYtt56AzC4ZaffQuh88TZurBGhIJMBZGSxNerQ=
google.golang.org/protobuf v1.36.0/go.mod h1:9fA7Ob0pmnwhb644+1+CVWFRbNajQ6iRojtC/QF5bRE=
