github.com/davecgh/go-spew v1.1.1 h1:vj9j/u1bqnvCEfJOwUhtlOARqs3+rkHYY13jYWTU97c=
github.com/davecgh/go-spew v1.1.1/go.mod h1:J7Y8YcW2NihsgmVo/mv3lAwl/skON4iLHjSsI+c5H38=
github.com/google/go-cmp v0.6.0 h1:ofyhxvXcZhMsU5ulbFiLKl/XBFqE1GSq7atu8tAmTRI=
github.com/google/go-cmp v0.6.0/go.mod h1:17dUlkBOakJ0+DkrSSNjCkIjxS6bF9zb3elmeNGIjoY=
github.com/pmezard/go-difflib v1.0.0 h1:4DBwDE0NGyQoBHbLQYPwSUPoCMWR5BEzIk/f1lZbAQM=
github.com/pmezard/go-difflib v1.0.0/go.mod h1:iKH77koFhYxTK1pcRnkKkqfTogsbg7gZNVY4sRDYZ/4=
github.com/stretchr/testify v1.9.0 h1:HtqpIVDClZ4nwg75+f6Lvsy/wHu+3BoSGCbBAcpTsTg=
github.com/stretchr/testify v1.9.0/go.mod h1:r2ic/lqez/lEtzL7wO/rwa5dbSLXVDPFyf8C91i36aY=
go.opentelemetry.io/otel v1.31.0 h1:NsJcKPIW0D0H3NgzPDHmo0WW6SptzPdqg/L1zsIm2hY=
go.opentelemetry.io/otel v1.31.0/go.mod h1:O0C14Yl9FgkjqcCZAsE053C13OaddMYr/hz6clDkEJE=
google.golang.org/genproto/googleapis/api v0.0.0-20250106144421-5f5ef82da422 h1:GVIKPyP/kLIyVOgOnTwFOrvQaQUzOzGMCxgFUOEmm24=
google.golang.org/genproto/googleapis/api v0.0.0-20250106144421-5f5ef82da422/go.mod h1:b6h1vNKhxaSoEI+5jc3PJUCustfli/mRab7295pY7rw=
google.golang.org/protobuf v1.36.2 h1:R8FeyR1/eLmkutZOM5CWghmo5itiG9z0ktFlTVLuTmU=
google.golang.org/protobuf v1.36.2/go.mod h1:9fA7Ob0pmnwhb644+1+CVWFRbNajQ6iRojtC/QF5bRE=
gopkg.in/yaml.v3 v3.0.1 h1:fxVm/GzAzEWqLHuvctI91KS9hhNmmWOoWu0XTYJS7CA=
gopkg.in/yaml.v3 v3.0.1/go.mod h1:K4uyk7z7BCEPqu6E+C64Yfv1cQ7kz7rIZviUmN+EgEM=
